
Microsoft Visual Studio Solution File, Format Version 12.00
# Visual Studio Version 17
VisualStudioVersion = 17.13.35825.156 d17.13
MinimumVisualStudioVersion = 10.0.40219.1
Project("{8BC9CEB8-8B4A-11D0-8D11-00A0C91BC942}") = "matrix", "matrix\matrix.vcxproj", "{A00BF024-C0DB-4ECD-99B9-E0BA98C72F37}"
EndProject
Global
	GlobalSection(SolutionConfigurationPlatforms) = preSolution
		Debug|x64 = Debug|x64
		Debug|x86 = Debug|x86
		Release|x64 = Release|x64
		Release|x86 = Release|x86
	EndGlobalSection
	GlobalSection(ProjectConfigurationPlatforms) = postSolution
		{A00BF024-C0DB-4ECD-99B9-E0BA98C72F37}.Debug|x64.ActiveCfg = Debug|x64
		{A00BF024-C0DB-4ECD-99B9-E0BA98C72F37}.Debug|x64.Build.0 = Debug|x64
		{A00BF024-C0DB-4ECD-99B9-E0BA98C72F37}.Debug|x86.ActiveCfg = Debug|Win32
		{A00BF024-C0DB-4ECD-99B9-E0BA98C72F37}.Debug|x86.Build.0 = Debug|Win32
		{A00BF024-C0DB-4ECD-99B9-E0BA98C72F37}.Release|x64.ActiveCfg = Release|x64
		{A00BF024-C0DB-4ECD-99B9-E0BA98C72F37}.Release|x64.Build.0 = Release|x64
		{A00BF024-C0DB-4ECD-99B9-E0BA98C72F37}.Release|x86.ActiveCfg = Release|Win32
		{A00BF024-C0DB-4ECD-99B9-E0BA98C72F37}.Release|x86.Build.0 = Release|Win32
	EndGlobalSection
	GlobalSection(SolutionProperties) = preSolution
		HideSolutionNode = FALSE
	EndGlobalSection
	GlobalSection(ExtensibilityGlobals) = postSolution
		SolutionGuid = {7EE58364-8CB3-42C0-AA11-16BE2F068F26}
	EndGlobalSection
EndGlobal
